github.com/gregoryv/asserter v0.0.0-20190107221939-52ca375e9d4f h1:vzKsT0PnezOF0nfI3GM2uR5/1ywL9r+rYbpcceDGPaU=
github.com/gregoryv/asserter v0.0.0-20190107221939-52ca375e9d4f/go.mod h1:iLD46IKZjjleTkmDikemRaDZQldDrq8uwTnygV/hC/M=
github.com/gregoryv/find v0.0.0-20180328084956-547deaf9d218 h1:OK6M8SmNoRPmcaeKLRjAjrJ5froaw9W0+H1uQfFcQ/8=
github.com/gregoryv/find v0.0.0-20180328084956-547deaf9d218/go.mod h1:/xxQlO62bzxhyabf2iKJzGJa+VAJy25spLI/6ICTrxU=
github.com/gregoryv/gocyclo v0.0.0-20180305144948-0be7902fabdc h1:chhF7lRELMFmxWl3AWbZ2UT1xQtN9nqFGyhL3jwGWDs=
github.com/gregoryv/gocyclo v0.0.0-20180305144948-0be7902fabdc/go.mod h1:x/QA8cT1gfn/XriQ/CVNX7I8IM4Z2YJAAEWFym2clZI=
