# This file is autogenerated, do not edit; changes may be undone by the next 'dep ensure'.


[[projects]]
  branch = "master"
  name = "github.com/gregoryv/asserter"
  packages = ["."]
  revision = "52ca375e9d4f5ccec70d733a6c2cd20d5503a1b2"

[[projects]]
  name = "github.com/gregoryv/find"
  packages = ["."]
  revision = "547deaf9d218fade63a9890caa24fdf61298c293"
  version = "0.1.0"

[[projects]]
  branch = "master"
  name = "github.com/gregoryv/gocyclo"
  packages = ["."]
  revision = "0be7902fabdcf78f7aaf690c7572a7d31642d84d"

[solve-meta]
  analyzer-name = "dep"
  analyzer-version = 1
  inputs-digest = "4bfd398e6592303dbf5dd937518ee5ed5faaae756334bef49a4f4d7a73f5317b"
  solver-name = "gps-cdcl"
  solver-version = 1
